Microsoft Visual Studio Solution File, Format Version 7.00
Project("{8BC9CEB8-8B4A-11D0-8D11-00A0C91BC942}") = "MyAtlExcelAddin", "MyAtlExcelAddin\MyAtlExcelAddin.vcproj", "{97E6571D-0E26-4F06-8101-B3A8919DB5A0}"
EndProject
Project("{8BC9CEB8-8B4A-11D0-8D11-00A0C91BC942}") = "MyAtlExcelAddinPS", "MyAtlExcelAddin\MyAtlExcelAddinPS.vcproj", "{629EF588-14BE-4261-8ACC-93862D9D4524}"
EndProject
Project("{FAE04EC0-301F-11D3-BF4B-00C04F79EFBC}") = "MyDotNetAddin", "MyDotNetAddin\MyDotNetAddin.csproj", "{88969D4E-4F51-480A-A757-50A19912C391}"
EndProject
Global
	GlobalSection(SolutionConfiguration) = preSolution
		ConfigName.0 = Debug
		ConfigName.1 = Release
	EndGlobalSection
	GlobalSection(ProjectDependencies) = postSolution
	EndGlobalSection
	GlobalSection(ProjectConfiguration) = postSolution
		{97E6571D-0E26-4F06-8101-B3A8919DB5A0}.Debug.ActiveCfg = Debug|Win32
		{97E6571D-0E26-4F06-8101-B3A8919DB5A0}.Debug.Build.0 = Debug|Win32
		{97E6571D-0E26-4F06-8101-B3A8919DB5A0}.Release.ActiveCfg = Release|Win32
		{97E6571D-0E26-4F06-8101-B3A8919DB5A0}.Release.Build.0 = Release|Win32
		{629EF588-14BE-4261-8ACC-93862D9D4524}.Debug.ActiveCfg = Debug|Win32
		{629EF588-14BE-4261-8ACC-93862D9D4524}.Debug.Build.0 = Debug|Win32
		{629EF588-14BE-4261-8ACC-93862D9D4524}.Release.ActiveCfg = Release|Win32
		{629EF588-14BE-4261-8ACC-93862D9D4524}.Release.Build.0 = Release|Win32
		{88969D4E-4F51-480A-A757-50A19912C391}.Debug.ActiveCfg = Debug|.NET
		{88969D4E-4F51-480A-A757-50A19912C391}.Debug.Build.0 = Debug|.NET
		{88969D4E-4F51-480A-A757-50A19912C391}.Release.ActiveCfg = Release|.NET
		{88969D4E-4F51-480A-A757-50A19912C391}.Release.Build.0 = Release|.NET
	EndGlobalSection
	GlobalSection(ExtensibilityGlobals) = postSolution
	EndGlobalSection
	GlobalSection(ExtensibilityAddIns) = postSolution
	EndGlobalSection
EndGlobal
